
Microsoft Visual Studio Solution File, Format Version 12.00
# Visual Studio Version 17
VisualStudioVersion = 17.10.34928.147
MinimumVisualStudioVersion = 10.0.40219.1
Project("{FAE04EC0-301F-11D3-BF4B-00C04F79EFBC}") = "FigureAreaCalculationLib", "FigureAreaCalculationLib\FigureAreaCalculationLib.csproj", "{2E161019-9BF9-493D-B536-683F1620D4B7}"
EndProject
Project("{FAE04EC0-301F-11D3-BF4B-00C04F79EFBC}") = "UnitTest", "UnitTest\UnitTest.csproj", "{91BCD4EE-CE10-48C4-A83A-50107053733C}"
EndProject
Global
	GlobalSection(SolutionConfigurationPlatforms) = preSolution
		Debug|Any CPU = Debug|Any CPU
		Release|Any CPU = Release|Any CPU
	EndGlobalSection
	GlobalSection(ProjectConfigurationPlatforms) = postSolution
		{2E161019-9BF9-493D-B536-683F1620D4B7}.Debug|Any CPU.ActiveCfg = Debug|Any CPU
		{2E161019-9BF9-493D-B536-683F1620D4B7}.Debug|Any CPU.Build.0 = Debug|Any CPU
		{2E161019-9BF9-493D-B536-683F1620D4B7}.Release|Any CPU.ActiveCfg = Release|Any CPU
		{2E161019-9BF9-493D-B536-683F1620D4B7}.Release|Any CPU.Build.0 = Release|Any CPU
		{91BCD4EE-CE10-48C4-A83A-50107053733C}.Debug|Any CPU.ActiveCfg = Debug|Any CPU
		{91BCD4EE-CE10-48C4-A83A-50107053733C}.Debug|Any CPU.Build.0 = Debug|Any CPU
		{91BCD4EE-CE10-48C4-A83A-50107053733C}.Release|Any CPU.ActiveCfg = Release|Any CPU
		{91BCD4EE-CE10-48C4-A83A-50107053733C}.Release|Any CPU.Build.0 = Release|Any CPU
	EndGlobalSection
	GlobalSection(SolutionProperties) = preSolution
		HideSolutionNode = FALSE
	EndGlobalSection
	GlobalSection(ExtensibilityGlobals) = postSolution
		SolutionGuid = {01370787-4CD2-491B-B737-A081D5E1185B}
	EndGlobalSection
EndGlobal
